<?xml version="1.0" encoding="utf-8"?>
<Project ToolsVersion="4.0" xmlns="http://schemas.microsoft.com/developer/msbuild/2003">
  <ItemGroup>
    <Filter Include="Common">
      <UniqueIdentifier>a4394c77-a77e-4086-8278-7fdca2a55796</UniqueIdentifier>
    </Filter>
    <Filter Include="Assets">
      <UniqueIdentifier>b51afb25-da42-41f2-b5b3-58a1cbb25e57</UniqueIdentifier>
      <Extensions>bmp;fbx;gif;jpg;jpeg;tga;tiff;tif;png</Extensions>
    </Filter>
    <Filter Include="Content">
      <UniqueIdentifier>2a5652fb-7a7e-416d-9e24-13c505fdf5c4</UniqueIdentifier>
    </Filter>
    <ClInclude Include="Common\d3dx12.h">
      <Filter>Common</Filter>
    </ClInclude>
    <ClInclude Include="Common\DirectXHelper.h">
      <Filter>Common</Filter>
    </ClInclude>
    <ClInclude Include="Common\StepTimer.h">
      <Filter>Common</Filter>
    </ClInclude>
    <ClInclude Include="Common\DeviceResources.h">
      <Filter>Common</Filter>
    </ClInclude>
    <ClCompile Include="Common\DeviceResources.cpp">
      <Filter>Common</Filter>
    </ClCompile>
    <ClInclude Include="Content\Sample3DSceneRenderer.h">
      <Filter>Content</Filter>
    </ClInclude>
    <ClInclude Include="Content\ShaderStructures.h">
      <Filter>Content</Filter>
    </ClInclude>
    <ClCompile Include="Content\Sample3DSceneRenderer.cpp">
      <Filter>Content</Filter>
    </ClCompile>
    <FxCompile Include="Content\SamplePixelShader.hlsl">
      <Filter>Content</Filter>
    </FxCompile>
    <FxCompile Include="Content\SampleVertexShader.hlsl">
      <Filter>Content</Filter>
    </FxCompile>
    <Image Include="Assets\LockScreenLogo.scale-200.png">
      <Filter>Assets</Filter>
    </Image>
    <Image Include="Assets\SplashScreen.scale-200.png">
      <Filter>Assets</Filter>
    </Image>
    <Image Include="Assets\Square150x150Logo.scale-200.png">
      <Filter>Assets</Filter>
    </Image>
    <Image Include="Assets\Square44x44Logo.scale-200.png">
      <Filter>Assets</Filter>
    </Image>
    <Image Include="Assets\Square44x44Logo.targetsize-24_altform-unplated.png">
      <Filter>Assets</Filter>
    </Image>
    <Image Include="Assets\StoreLogo.png">
      <Filter>Assets</Filter>
    </Image>
    <Image Include="Assets\Wide310x150Logo.scale-200.png">
      <Filter>Assets</Filter>
    </Image>
    <Filter Include="GameObjects">
      <UniqueIdentifier>{ab61b805-a3e8-4c0a-8925-708c8dbcc914}</UniqueIdentifier>
    </Filter>
    <Filter Include="Meshes">
      <UniqueIdentifier>{a90ed195-35c6-4d92-a07a-f0c6806d7bda}</UniqueIdentifier>
    </Filter>
  </ItemGroup>
  <ItemGroup>
    <ClCompile Include="App.cpp" />
    <ClCompile Include="_3DGraphicsTestMain.cpp" />
    <ClCompile Include="pch.cpp" />
    <ClCompile Include="GameObjects\CarObject.cpp">
      <Filter>GameObjects</Filter>
    </ClCompile>
    <ClCompile Include="GameObjects\GameObject.cpp">
      <Filter>GameObjects</Filter>
    </ClCompile>
    <ClCompile Include="Meshes\CarMesh.cpp">
      <Filter>Meshes</Filter>
    </ClCompile>
    <ClCompile Include="Meshes\MeshObject.cpp">
      <Filter>Meshes</Filter>
    </ClCompile>
    <ClCompile Include="GameObjects\TrafficLightObject.cpp">
      <Filter>GameObjects</Filter>
    </ClCompile>
    <ClCompile Include="Meshes\TrafficLightMesh.cpp">
      <Filter>Meshes</Filter>
    </ClCompile>
    <ClCompile Include="Meshes\RoadMesh.cpp">
      <Filter>Meshes</Filter>
    </ClCompile>
    <ClCompile Include="GameObjects\RoadObject.cpp">
      <Filter>GameObjects</Filter>
    </ClCompile>
  </ItemGroup>
  <ItemGroup>
    <ClInclude Include="App.h" />
    <ClInclude Include="_3DGraphicsTestMain.h" />
    <ClInclude Include="pch.h" />
    <ClInclude Include="GameObjects\CarObject.h">
      <Filter>GameObjects</Filter>
    </ClInclude>
    <ClInclude Include="GameObjects\GameObject.h">
      <Filter>GameObjects</Filter>
    </ClInclude>
    <ClInclude Include="Meshes\CarMesh.h">
      <Filter>Meshes</Filter>
    </ClInclude>
    <ClInclude Include="Meshes\MeshObject.h">
      <Filter>Meshes</Filter>
    </ClInclude>
    <ClInclude Include="GameObjects\TrafficLightObject.h">
      <Filter>GameObjects</Filter>
    </ClInclude>
    <ClInclude Include="Meshes\TrafficLightMesh.h">
      <Filter>Meshes</Filter>
    </ClInclude>
    <ClInclude Include="Meshes\RoadMesh.h">
      <Filter>Meshes</Filter>
    </ClInclude>
    <ClInclude Include="GameObjects\RoadObject.h">
      <Filter>GameObjects</Filter>
    </ClInclude>
  </ItemGroup>
  <ItemGroup>
    <AppxManifest Include="Package.appxmanifest" />
  </ItemGroup>
  <ItemGroup>
    <None Include="3DGraphicsTest_TemporaryKey.pfx" />
  </ItemGroup>
</Project>